
Microsoft Visual Studio Solution File, Format Version 12.00
# Visual Studio Version 17
VisualStudioVersion = 17.6.33815.320
MinimumVisualStudioVersion = 10.0.40219.1
Project("{FAE04EC0-301F-11D3-BF4B-00C04F79EFBC}") = "ConsoleEFDAL", "ConsoleEFDAL\ConsoleEFDAL.csproj", "{6CBB5277-6296-4D66-A99C-CCB44B38D87C}"
EndProject
Project("{FAE04EC0-301F-11D3-BF4B-00C04F79EFBC}") = "DAL", "DAL\DAL.csproj", "{AA6E3164-DD92-4CDE-BBA4-A5D522577D54}"
EndProject
Global
	GlobalSection(SolutionConfigurationPlatforms) = preSolution
		Debug|Any CPU = Debug|Any CPU
		Release|Any CPU = Release|Any CPU
	EndGlobalSection
	GlobalSection(ProjectConfigurationPlatforms) = postSolution
		{6CBB5277-6296-4D66-A99C-CCB44B38D87C}.Debug|Any CPU.ActiveCfg = Debug|Any CPU
		{6CBB5277-6296-4D66-A99C-CCB44B38D87C}.Debug|Any CPU.Build.0 = Debug|Any CPU
		{6CBB5277-6296-4D66-A99C-CCB44B38D87C}.Release|Any CPU.ActiveCfg = Release|Any CPU
		{6CBB5277-6296-4D66-A99C-CCB44B38D87C}.Release|Any CPU.Build.0 = Release|Any CPU
		{AA6E3164-DD92-4CDE-BBA4-A5D522577D54}.Debug|Any CPU.ActiveCfg = Debug|Any CPU
		{AA6E3164-DD92-4CDE-BBA4-A5D522577D54}.Debug|Any CPU.Build.0 = Debug|Any CPU
		{AA6E3164-DD92-4CDE-BBA4-A5D522577D54}.Release|Any CPU.ActiveCfg = Release|Any CPU
		{AA6E3164-DD92-4CDE-BBA4-A5D522577D54}.Release|Any CPU.Build.0 = Release|Any CPU
	EndGlobalSection
	GlobalSection(SolutionProperties) = preSolution
		HideSolutionNode = FALSE
	EndGlobalSection
	GlobalSection(ExtensibilityGlobals) = postSolution
		SolutionGuid = {B4B8C470-4EEA-43D5-B9C8-06C7E4ACFE53}
	EndGlobalSection
EndGlobal
